
Microsoft Visual Studio Solution File, Format Version 12.00
# Visual Studio Version 17
VisualStudioVersion = 17.9.34701.34
MinimumVisualStudioVersion = 10.0.40219.1
Project("{FAE04EC0-301F-11D3-BF4B-00C04F79EFBC}") = "MyTask2", "MyTask2\MyTask2.csproj", "{AB23289A-F303-43D9-899C-7365AC904C13}"
EndProject
Global
	GlobalSection(SolutionConfigurationPlatforms) = preSolution
		Debug|Any CPU = Debug|Any CPU
		Release|Any CPU = Release|Any CPU
	EndGlobalSection
	GlobalSection(ProjectConfigurationPlatforms) = postSolution
		{AB23289A-F303-43D9-899C-7365AC904C13}.Debug|Any CPU.ActiveCfg = Debug|Any CPU
		{AB23289A-F303-43D9-899C-7365AC904C13}.Debug|Any CPU.Build.0 = Debug|Any CPU
		{AB23289A-F303-43D9-899C-7365AC904C13}.Release|Any CPU.ActiveCfg = Release|Any CPU
		{AB23289A-F303-43D9-899C-7365AC904C13}.Release|Any CPU.Build.0 = Release|Any CPU
	EndGlobalSection
	GlobalSection(SolutionProperties) = preSolution
		HideSolutionNode = FALSE
	EndGlobalSection
	GlobalSection(ExtensibilityGlobals) = postSolution
		SolutionGuid = {E5318EA2-38C0-4D30-89B1-412F419557A2}
	EndGlobalSection
EndGlobal
